
Microsoft Visual Studio Solution File, Format Version 12.00
# Visual Studio Version 16
VisualStudioVersion = 16.0.30907.101
MinimumVisualStudioVersion = 10.0.40219.1
Project("{FAE04EC0-301F-11D3-BF4B-00C04F79EFBC}") = "WindowsFormsApp1", "WindowsFormsApp1\WindowsFormsApp1.csproj", "{211D4366-73BA-4F38-9CA0-EF6F55FC71A5}"
EndProject
Global
	GlobalSection(SolutionConfigurationPlatforms) = preSolution
		Debug|Any CPU = Debug|Any CPU
		Release|Any CPU = Release|Any CPU
	EndGlobalSection
	GlobalSection(ProjectConfigurationPlatforms) = postSolution
		{211D4366-73BA-4F38-9CA0-EF6F55FC71A5}.Debug|Any CPU.ActiveCfg = Debug|Any CPU
		{211D4366-73BA-4F38-9CA0-EF6F55FC71A5}.Debug|Any CPU.Build.0 = Debug|Any CPU
		{211D4366-73BA-4F38-9CA0-EF6F55FC71A5}.Release|Any CPU.ActiveCfg = Release|Any CPU
		{211D4366-73BA-4F38-9CA0-EF6F55FC71A5}.Release|Any CPU.Build.0 = Release|Any CPU
	EndGlobalSection
	GlobalSection(SolutionProperties) = preSolution
		HideSolutionNode = FALSE
	EndGlobalSection
	GlobalSection(ExtensibilityGlobals) = postSolution
		SolutionGuid = {16F56611-0C6B-4460-9AD2-D3C922083378}
	EndGlobalSection
EndGlobal
